// !$*UTF8*$!
{
	archiveVersion = 1;
	classes = {
	};
	objectVersion = 56;
	objects = {

/* Begin PBXBuildFile section */
		A20FCE9029269B6E000A4B40 /* MovieListCoordinator.swift in Sources */ = {isa = PBXBuildFile; fileRef = A20FCE8F29269B6E000A4B40 /* MovieListCoordinator.swift */; };
		A20FCE9229269FD2000A4B40 /* DateExtension.swift in Sources */ = {isa = PBXBuildFile; fileRef = A20FCE9129269FD2000A4B40 /* DateExtension.swift */; };
		A20FCE9A2926A1DA000A4B40 /* MovieDetailController.swift in Sources */ = {isa = PBXBuildFile; fileRef = A20FCE992926A1DA000A4B40 /* MovieDetailController.swift */; };
		A20FCE9C2926A1E6000A4B40 /* MovieDetailViewModel.swift in Sources */ = {isa = PBXBuildFile; fileRef = A20FCE9B2926A1E6000A4B40 /* MovieDetailViewModel.swift */; };
		A20FCE9E2926A4CD000A4B40 /* MovieDetailRepository.swift in Sources */ = {isa = PBXBuildFile; fileRef = A20FCE9D2926A4CD000A4B40 /* MovieDetailRepository.swift */; };
		A20FCEA02926A859000A4B40 /* MovieDetailDto.swift in Sources */ = {isa = PBXBuildFile; fileRef = A20FCE9F2926A859000A4B40 /* MovieDetailDto.swift */; };
		A2368794292402A200C8FB42 /* AppDelegate.swift in Sources */ = {isa = PBXBuildFile; fileRef = A2368793292402A200C8FB42 /* AppDelegate.swift */; };
		A2368796292402A200C8FB42 /* SceneDelegate.swift in Sources */ = {isa = PBXBuildFile; fileRef = A2368795292402A200C8FB42 /* SceneDelegate.swift */; };
		A2368798292402A200C8FB42 /* MovieListController.swift in Sources */ = {isa = PBXBuildFile; fileRef = A2368797292402A200C8FB42 /* MovieListController.swift */; };
		A23687A0292402A300C8FB42 /* LaunchScreen.storyboard in Resources */ = {isa = PBXBuildFile; fileRef = A236879E292402A300C8FB42 /* LaunchScreen.storyboard */; };
		A23687B1292405EC00C8FB42 /* MovieListViewModel.swift in Sources */ = {isa = PBXBuildFile; fileRef = A23687B0292405EC00C8FB42 /* MovieListViewModel.swift */; };
		A23687B42924065400C8FB42 /* Alamofire in Frameworks */ = {isa = PBXBuildFile; productRef = A23687B32924065400C8FB42 /* Alamofire */; };
		A23687C0292407C200C8FB42 /* MovieListRepository.swift in Sources */ = {isa = PBXBuildFile; fileRef = A23687BF292407C200C8FB42 /* MovieListRepository.swift */; };
		A23687C3292407D900C8FB42 /* NetworkManager.swift in Sources */ = {isa = PBXBuildFile; fileRef = A23687C2292407D900C8FB42 /* NetworkManager.swift */; };
		A23687CB292561A100C8FB42 /* MovieListDto.swift in Sources */ = {isa = PBXBuildFile; fileRef = A23687CA292561A100C8FB42 /* MovieListDto.swift */; };
		A23687E32925663700C8FB42 /* Differentiator in Frameworks */ = {isa = PBXBuildFile; productRef = A23687E22925663700C8FB42 /* Differentiator */; };
		A23687E52925663700C8FB42 /* RxDataSources in Frameworks */ = {isa = PBXBuildFile; productRef = A23687E42925663700C8FB42 /* RxDataSources */; };
		A23687E92925680B00C8FB42 /* MovieListSections.swift in Sources */ = {isa = PBXBuildFile; fileRef = A23687E82925680B00C8FB42 /* MovieListSections.swift */; };
		A23687EB2926182100C8FB42 /* MovieListCell.swift in Sources */ = {isa = PBXBuildFile; fileRef = A23687EA2926182100C8FB42 /* MovieListCell.swift */; };
		A23687ED292618E400C8FB42 /* Scope.swift in Sources */ = {isa = PBXBuildFile; fileRef = A23687EC292618E400C8FB42 /* Scope.swift */; };
		A23687EF2926193200C8FB42 /* MovieListCellModel.swift in Sources */ = {isa = PBXBuildFile; fileRef = A23687EE2926193200C8FB42 /* MovieListCellModel.swift */; };
		A23687F229261BD600C8FB42 /* StringExtension.swift in Sources */ = {isa = PBXBuildFile; fileRef = A23687F129261BD600C8FB42 /* StringExtension.swift */; };
		A2464DD6292620DB00FAE307 /* RxCocoa in Frameworks */ = {isa = PBXBuildFile; productRef = A2464DD5292620DB00FAE307 /* RxCocoa */; };
		A2464DD8292620DB00FAE307 /* RxRelay in Frameworks */ = {isa = PBXBuildFile; productRef = A2464DD7292620DB00FAE307 /* RxRelay */; };
		A2464DDA292620DB00FAE307 /* RxSwift in Frameworks */ = {isa = PBXBuildFile; productRef = A2464DD9292620DB00FAE307 /* RxSwift */; };
		A2464DDD29262E4B00FAE307 /* SDWebImage in Frameworks */ = {isa = PBXBuildFile; productRef = A2464DDC29262E4B00FAE307 /* SDWebImage */; };
		A2F7120529261EE4008B64C6 /* Assets.xcassets in Resources */ = {isa = PBXBuildFile; fileRef = A2F7120429261EE4008B64C6 /* Assets.xcassets */; };
/* End PBXBuildFile section */

/* Begin PBXFileReference section */
		A20FCE8F29269B6E000A4B40 /* MovieListCoordinator.swift */ = {isa = PBXFileReference; lastKnownFileType = sourcecode.swift; path = MovieListCoordinator.swift; sourceTree = "<group>"; };
		A20FCE9129269FD2000A4B40 /* DateExtension.swift */ = {isa = PBXFileReference; lastKnownFileType = sourcecode.swift; path = DateExtension.swift; sourceTree = "<group>"; };
		A20FCE992926A1DA000A4B40 /* MovieDetailController.swift */ = {isa = PBXFileReference; lastKnownFileType = sourcecode.swift; path = MovieDetailController.swift; sourceTree = "<group>"; };
		A20FCE9B2926A1E6000A4B40 /* MovieDetailViewModel.swift */ = {isa = PBXFileReference; lastKnownFileType = sourcecode.swift; path = MovieDetailViewModel.swift; sourceTree = "<group>"; };
		A20FCE9D2926A4CD000A4B40 /* MovieDetailRepository.swift */ = {isa = PBXFileReference; lastKnownFileType = sourcecode.swift; path = MovieDetailRepository.swift; sourceTree = "<group>"; };
		A20FCE9F2926A859000A4B40 /* MovieDetailDto.swift */ = {isa = PBXFileReference; lastKnownFileType = sourcecode.swift; path = MovieDetailDto.swift; sourceTree = "<group>"; };
		A2368790292402A200C8FB42 /* YassirMovieAssessment.app */ = {isa = PBXFileReference; explicitFileType = wrapper.application; includeInIndex = 0; path = YassirMovieAssessment.app; sourceTree = BUILT_PRODUCTS_DIR; };
		A2368793292402A200C8FB42 /* AppDelegate.swift */ = {isa = PBXFileReference; lastKnownFileType = sourcecode.swift; path = AppDelegate.swift; sourceTree = "<group>"; };
		A2368795292402A200C8FB42 /* SceneDelegate.swift */ = {isa = PBXFileReference; lastKnownFileType = sourcecode.swift; path = SceneDelegate.swift; sourceTree = "<group>"; };
		A2368797292402A200C8FB42 /* MovieListController.swift */ = {isa = PBXFileReference; lastKnownFileType = sourcecode.swift; path = MovieListController.swift; sourceTree = "<group>"; };
		A236879F292402A300C8FB42 /* Base */ = {isa = PBXFileReference; lastKnownFileType = file.storyboard; name = Base; path = Base.lproj/LaunchScreen.storyboard; sourceTree = "<group>"; };
		A23687A1292402A300C8FB42 /* Info.plist */ = {isa = PBXFileReference; lastKnownFileType = text.plist.xml; path = Info.plist; sourceTree = "<group>"; };
		A23687B0292405EC00C8FB42 /* MovieListViewModel.swift */ = {isa = PBXFileReference; lastKnownFileType = sourcecode.swift; path = MovieListViewModel.swift; sourceTree = "<group>"; };
		A23687BF292407C200C8FB42 /* MovieListRepository.swift */ = {isa = PBXFileReference; lastKnownFileType = sourcecode.swift; path = MovieListRepository.swift; sourceTree = "<group>"; };
		A23687C2292407D900C8FB42 /* NetworkManager.swift */ = {isa = PBXFileReference; lastKnownFileType = sourcecode.swift; path = NetworkManager.swift; sourceTree = "<group>"; };
		A23687CA292561A100C8FB42 /* MovieListDto.swift */ = {isa = PBXFileReference; lastKnownFileType = sourcecode.swift; path = MovieListDto.swift; sourceTree = "<group>"; };
		A23687E82925680B00C8FB42 /* MovieListSections.swift */ = {isa = PBXFileReference; lastKnownFileType = sourcecode.swift; path = MovieListSections.swift; sourceTree = "<group>"; };
		A23687EA2926182100C8FB42 /* MovieListCell.swift */ = {isa = PBXFileReference; lastKnownFileType = sourcecode.swift; path = MovieListCell.swift; sourceTree = "<group>"; };
		A23687EC292618E400C8FB42 /* Scope.swift */ = {isa = PBXFileReference; lastKnownFileType = sourcecode.swift; path = Scope.swift; sourceTree = "<group>"; };
		A23687EE2926193200C8FB42 /* MovieListCellModel.swift */ = {isa = PBXFileReference; lastKnownFileType = sourcecode.swift; path = MovieListCellModel.swift; sourceTree = "<group>"; };
		A23687F129261BD600C8FB42 /* StringExtension.swift */ = {isa = PBXFileReference; lastKnownFileType = sourcecode.swift; path = StringExtension.swift; sourceTree = "<group>"; };
		A2F7120429261EE4008B64C6 /* Assets.xcassets */ = {isa = PBXFileReference; lastKnownFileType = folder.assetcatalog; path = Assets.xcassets; sourceTree = "<group>"; };
/* End PBXFileReference section */

/* Begin PBXFrameworksBuildPhase section */
		A236878D292402A200C8FB42 /* Frameworks */ = {
			isa = PBXFrameworksBuildPhase;
			buildActionMask = 2147483647;
			files = (
				A2464DDA292620DB00FAE307 /* RxSwift in Frameworks */,
				A2464DD8292620DB00FAE307 /* RxRelay in Frameworks */,
				A23687E52925663700C8FB42 /* RxDataSources in Frameworks */,
				A2464DDD29262E4B00FAE307 /* SDWebImage in Frameworks */,
				A23687E32925663700C8FB42 /* Differentiator in Frameworks */,
				A2464DD6292620DB00FAE307 /* RxCocoa in Frameworks */,
				A23687B42924065400C8FB42 /* Alamofire in Frameworks */,
			);
			runOnlyForDeploymentPostprocessing = 0;
		};
/* End PBXFrameworksBuildPhase section */

/* Begin PBXGroup section */
		A20FCE8E29269B61000A4B40 /* Coordinator */ = {
			isa = PBXGroup;
			children = (
				A20FCE8F29269B6E000A4B40 /* MovieListCoordinator.swift */,
			);
			path = Coordinator;
			sourceTree = "<group>";
		};
		A20FCE932926A193000A4B40 /* MovieDetail */ = {
			isa = PBXGroup;
			children = (
				A20FCE952926A1A0000A4B40 /* ViewModel */,
				A20FCE942926A19A000A4B40 /* Controller */,
			);
			path = MovieDetail;
			sourceTree = "<group>";
		};
		A20FCE942926A19A000A4B40 /* Controller */ = {
			isa = PBXGroup;
			children = (
				A20FCE992926A1DA000A4B40 /* MovieDetailController.swift */,
			);
			path = Controller;
			sourceTree = "<group>";
		};
		A20FCE952926A1A0000A4B40 /* ViewModel */ = {
			isa = PBXGroup;
			children = (
				A20FCE9B2926A1E6000A4B40 /* MovieDetailViewModel.swift */,
			);
			path = ViewModel;
			sourceTree = "<group>";
		};
		A2368787292402A200C8FB42 = {
			isa = PBXGroup;
			children = (
				A2368792292402A200C8FB42 /* YassirMovieAssessment */,
				A2368791292402A200C8FB42 /* Products */,
			);
			sourceTree = "<group>";
		};
		A2368791292402A200C8FB42 /* Products */ = {
			isa = PBXGroup;
			children = (
				A2368790292402A200C8FB42 /* YassirMovieAssessment.app */,
			);
			name = Products;
			sourceTree = "<group>";
		};
		A2368792292402A200C8FB42 /* YassirMovieAssessment */ = {
			isa = PBXGroup;
			children = (
				A23687F029261BC500C8FB42 /* Extensions */,
				A23687A1292402A300C8FB42 /* Info.plist */,
				A23687BC2924079100C8FB42 /* Network */,
				A23687A9292405B500C8FB42 /* Features */,
				A23687A8292405AB00C8FB42 /* Resources */,
				A23687A72924059300C8FB42 /* Supporting */,
			);
			path = YassirMovieAssessment;
			sourceTree = "<group>";
		};
		A23687A72924059300C8FB42 /* Supporting */ = {
			isa = PBXGroup;
			children = (
				A2368793292402A200C8FB42 /* AppDelegate.swift */,
				A2368795292402A200C8FB42 /* SceneDelegate.swift */,
				A236879E292402A300C8FB42 /* LaunchScreen.storyboard */,
				A23687EC292618E400C8FB42 /* Scope.swift */,
			);
			path = Supporting;
			sourceTree = "<group>";
		};
		A23687A8292405AB00C8FB42 /* Resources */ = {
			isa = PBXGroup;
			children = (
				A2F7120429261EE4008B64C6 /* Assets.xcassets */,
			);
			path = Resources;
			sourceTree = "<group>";
		};
		A23687A9292405B500C8FB42 /* Features */ = {
			isa = PBXGroup;
			children = (
				A20FCE932926A193000A4B40 /* MovieDetail */,
				A23687AA292405BF00C8FB42 /* MovieList */,
			);
			path = Features;
			sourceTree = "<group>";
		};
		A23687AA292405BF00C8FB42 /* MovieList */ = {
			isa = PBXGroup;
			children = (
				A20FCE8E29269B61000A4B40 /* Coordinator */,
				A23687AF292405E100C8FB42 /* Models */,
				A23687AE292405DC00C8FB42 /* Components */,
				A23687AD292405D700C8FB42 /* ViewModel */,
				A23687AC292405CD00C8FB42 /* Controller */,
			);
			path = MovieList;
			sourceTree = "<group>";
		};
		A23687AC292405CD00C8FB42 /* Controller */ = {
			isa = PBXGroup;
			children = (
				A2368797292402A200C8FB42 /* MovieListController.swift */,
			);
			path = Controller;
			sourceTree = "<group>";
		};
		A23687AD292405D700C8FB42 /* ViewModel */ = {
			isa = PBXGroup;
			children = (
				A23687B0292405EC00C8FB42 /* MovieListViewModel.swift */,
			);
			path = ViewModel;
			sourceTree = "<group>";
		};
		A23687AE292405DC00C8FB42 /* Components */ = {
			isa = PBXGroup;
			children = (
				A23687EA2926182100C8FB42 /* MovieListCell.swift */,
			);
			path = Components;
			sourceTree = "<group>";
		};
		A23687AF292405E100C8FB42 /* Models */ = {
			isa = PBXGroup;
			children = (
				A23687E82925680B00C8FB42 /* MovieListSections.swift */,
				A23687EE2926193200C8FB42 /* MovieListCellModel.swift */,
			);
			path = Models;
			sourceTree = "<group>";
		};
		A23687BC2924079100C8FB42 /* Network */ = {
			isa = PBXGroup;
			children = (
				A23687C1292407CE00C8FB42 /* NetworkManager */,
				A23687BE292407AE00C8FB42 /* Models */,
				A23687BD292407A400C8FB42 /* Repositories */,
			);
			path = Network;
			sourceTree = "<group>";
		};
		A23687BD292407A400C8FB42 /* Repositories */ = {
			isa = PBXGroup;
			children = (
				A23687BF292407C200C8FB42 /* MovieListRepository.swift */,
				A20FCE9D2926A4CD000A4B40 /* MovieDetailRepository.swift */,
			);
			path = Repositories;
			sourceTree = "<group>";
		};
		A23687BE292407AE00C8FB42 /* Models */ = {
			isa = PBXGroup;
			children = (
				A23687CA292561A100C8FB42 /* MovieListDto.swift */,
				A20FCE9F2926A859000A4B40 /* MovieDetailDto.swift */,
			);
			path = Models;
			sourceTree = "<group>";
		};
		A23687C1292407CE00C8FB42 /* NetworkManager */ = {
			isa = PBXGroup;
			children = (
				A23687C2292407D900C8FB42 /* NetworkManager.swift */,
			);
			path = NetworkManager;
			sourceTree = "<group>";
		};
		A23687F029261BC500C8FB42 /* Extensions */ = {
			isa = PBXGroup;
			children = (
				A23687F129261BD600C8FB42 /* StringExtension.swift */,
				A20FCE9129269FD2000A4B40 /* DateExtension.swift */,
			);
			path = Extensions;
			sourceTree = "<group>";
		};
/* End PBXGroup section */

/* Begin PBXNativeTarget section */
		A236878F292402A200C8FB42 /* YassirMovieAssessment */ = {
			isa = PBXNativeTarget;
			buildConfigurationList = A23687A4292402A300C8FB42 /* Build configuration list for PBXNativeTarget "YassirMovieAssessment" */;
			buildPhases = (
				A236878C292402A200C8FB42 /* Sources */,
				A236878D292402A200C8FB42 /* Frameworks */,
				A236878E292402A200C8FB42 /* Resources */,
			);
			buildRules = (
			);
			dependencies = (
			);
			name = YassirMovieAssessment;
			packageProductDependencies = (
				A23687B32924065400C8FB42 /* Alamofire */,
				A23687E22925663700C8FB42 /* Differentiator */,
				A23687E42925663700C8FB42 /* RxDataSources */,
				A2464DD5292620DB00FAE307 /* RxCocoa */,
				A2464DD7292620DB00FAE307 /* RxRelay */,
				A2464DD9292620DB00FAE307 /* RxSwift */,
				A2464DDC29262E4B00FAE307 /* SDWebImage */,
			);
			productName = YassirMovieAssessment;
			productReference = A2368790292402A200C8FB42 /* YassirMovieAssessment.app */;
			productType = "com.apple.product-type.application";
		};
/* End PBXNativeTarget section */

/* Begin PBXProject section */
		A2368788292402A200C8FB42 /* Project object */ = {
			isa = PBXProject;
			attributes = {
				BuildIndependentTargetsInParallel = 1;
				LastSwiftUpdateCheck = 1410;
				LastUpgradeCheck = 1410;
				TargetAttributes = {
					A236878F292402A200C8FB42 = {
						CreatedOnToolsVersion = 14.1;
					};
				};
			};
			buildConfigurationList = A236878B292402A200C8FB42 /* Build configuration list for PBXProject "YassirMovieAssessment" */;
			compatibilityVersion = "Xcode 14.0";
			developmentRegion = en;
			hasScannedForEncodings = 0;
			knownRegions = (
				en,
				Base,
			);
			mainGroup = A2368787292402A200C8FB42;
			packageReferences = (
				A23687B22924065400C8FB42 /* XCRemoteSwiftPackageReference "Alamofire" */,
				A23687E12925663700C8FB42 /* XCRemoteSwiftPackageReference "RxDataSources" */,
				A2464DD4292620DB00FAE307 /* XCRemoteSwiftPackageReference "RxSwift" */,
				A2464DDB29262E4B00FAE307 /* XCRemoteSwiftPackageReference "SDWebImage" */,
			);
			productRefGroup = A2368791292402A200C8FB42 /* Products */;
			projectDirPath = "";
			projectRoot = "";
			targets = (
				A236878F292402A200C8FB42 /* YassirMovieAssessment */,
			);
		};
/* End PBXProject section */

/* Begin PBXResourcesBuildPhase section */
		A236878E292402A200C8FB42 /* Resources */ = {
			isa = PBXResourcesBuildPhase;
			buildActionMask = 2147483647;
			files = (
				A2F7120529261EE4008B64C6 /* Assets.xcassets in Resources */,
				A23687A0292402A300C8FB42 /* LaunchScreen.storyboard in Resources */,
			);
			runOnlyForDeploymentPostprocessing = 0;
		};
/* End PBXResourcesBuildPhase section */

/* Begin PBXSourcesBuildPhase section */
		A236878C292402A200C8FB42 /* Sources */ = {
			isa = PBXSourcesBuildPhase;
			buildActionMask = 2147483647;
			files = (
				A23687C3292407D900C8FB42 /* NetworkManager.swift in Sources */,
				A20FCE9229269FD2000A4B40 /* DateExtension.swift in Sources */,
				A23687F229261BD600C8FB42 /* StringExtension.swift in Sources */,
				A23687E92925680B00C8FB42 /* MovieListSections.swift in Sources */,
				A20FCE9C2926A1E6000A4B40 /* MovieDetailViewModel.swift in Sources */,
				A23687CB292561A100C8FB42 /* MovieListDto.swift in Sources */,
				A20FCE9029269B6E000A4B40 /* MovieListCoordinator.swift in Sources */,
				A20FCE9A2926A1DA000A4B40 /* MovieDetailController.swift in Sources */,
				A2368798292402A200C8FB42 /* MovieListController.swift in Sources */,
				A23687ED292618E400C8FB42 /* Scope.swift in Sources */,
				A20FCE9E2926A4CD000A4B40 /* MovieDetailRepository.swift in Sources */,
				A23687C0292407C200C8FB42 /* MovieListRepository.swift in Sources */,
				A2368794292402A200C8FB42 /* AppDelegate.swift in Sources */,
				A23687EF2926193200C8FB42 /* MovieListCellModel.swift in Sources */,
				A2368796292402A200C8FB42 /* SceneDelegate.swift in Sources */,
				A23687B1292405EC00C8FB42 /* MovieListViewModel.swift in Sources */,
				A23687EB2926182100C8FB42 /* MovieListCell.swift in Sources */,
				A20FCEA02926A859000A4B40 /* MovieDetailDto.swift in Sources */,
			);
			runOnlyForDeploymentPostprocessing = 0;
		};
/* End PBXSourcesBuildPhase section */

/* Begin PBXVariantGroup section */
		A236879E292402A300C8FB42 /* LaunchScreen.storyboard */ = {
			isa = PBXVariantGroup;
			children = (
				A236879F292402A300C8FB42 /* Base */,
			);
			name = LaunchScreen.storyboard;
			sourceTree = "<group>";
		};
/* End PBXVariantGroup section */

/* Begin XCBuildConfiguration section */
		A23687A2292402A300C8FB42 /* Debug */ = {
			isa = XCBuildConfiguration;
			buildSettings = {
				ALWAYS_SEARCH_USER_PATHS = NO;
				CLANG_ANALYZER_NONNULL = YES;
				CLANG_ANALYZER_NUMBER_OBJECT_CONVERSION = YES_AGGRESSIVE;
				CLANG_CXX_LANGUAGE_STANDARD = "gnu++20";
				CLANG_ENABLE_MODULES = YES;
				CLANG_ENABLE_OBJC_ARC = YES;
				CLANG_ENABLE_OBJC_WEAK = YES;
				CLANG_WARN_BLOCK_CAPTURE_AUTORELEASING = YES;
				CLANG_WARN_BOOL_CONVERSION = YES;
				CLANG_WARN_COMMA = YES;
				CLANG_WARN_CONSTANT_CONVERSION = YES;
				CLANG_WARN_DEPRECATED_OBJC_IMPLEMENTATIONS = YES;
				CLANG_WARN_DIRECT_OBJC_ISA_USAGE = YES_ERROR;
				CLANG_WARN_DOCUMENTATION_COMMENTS = YES;
				CLANG_WARN_EMPTY_BODY = YES;
				CLANG_WARN_ENUM_CONVERSION = YES;
				CLANG_WARN_INFINITE_RECURSION = YES;
				CLANG_WARN_INT_CONVERSION = YES;
				CLANG_WARN_NON_LITERAL_NULL_CONVERSION = YES;
				CLANG_WARN_OBJC_IMPLICIT_RETAIN_SELF = YES;
				CLANG_WARN_OBJC_LITERAL_CONVERSION = YES;
				CLANG_WARN_OBJC_ROOT_CLASS = YES_ERROR;
				CLANG_WARN_QUOTED_INCLUDE_IN_FRAMEWORK_HEADER = YES;
				CLANG_WARN_RANGE_LOOP_ANALYSIS = YES;
				CLANG_WARN_STRICT_PROTOTYPES = YES;
				CLANG_WARN_SUSPICIOUS_MOVE = YES;
				CLANG_WARN_UNGUARDED_AVAILABILITY = YES_AGGRESSIVE;
				CLANG_WARN_UNREACHABLE_CODE = YES;
				CLANG_WARN__DUPLICATE_METHOD_MATCH = YES;
				COPY_PHASE_STRIP = NO;
				DEBUG_INFORMATION_FORMAT = dwarf;
				ENABLE_STRICT_OBJC_MSGSEND = YES;
				ENABLE_TESTABILITY = YES;
				GCC_C_LANGUAGE_STANDARD = gnu11;
				GCC_DYNAMIC_NO_PIC = NO;
				GCC_NO_COMMON_BLOCKS = YES;
				GCC_OPTIMIZATION_LEVEL = 0;
				GCC_PREPROCESSOR_DEFINITIONS = (
					"DEBUG=1",
					"$(inherited)",
				);
				GCC_WARN_64_TO_32_BIT_CONVERSION = YES;
				GCC_WARN_ABOUT_RETURN_TYPE = YES_ERROR;
				GCC_WARN_UNDECLARED_SELECTOR = YES;
				GCC_WARN_UNINITIALIZED_AUTOS = YES_AGGRESSIVE;
				GCC_WARN_UNUSED_FUNCTION = YES;
				GCC_WARN_UNUSED_VARIABLE = YES;
				IPHONEOS_DEPLOYMENT_TARGET = 16.1;
				MTL_ENABLE_DEBUG_INFO = INCLUDE_SOURCE;
				MTL_FAST_MATH = YES;
				ONLY_ACTIVE_ARCH = YES;
				SDKROOT = iphoneos;
				SWIFT_ACTIVE_COMPILATION_CONDITIONS = DEBUG;
				SWIFT_OPTIMIZATION_LEVEL = "-Onone";
			};
			name = Debug;
		};
		A23687A3292402A300C8FB42 /* Release */ = {
			isa = XCBuildConfiguration;
			buildSettings = {
				ALWAYS_SEARCH_USER_PATHS = NO;
				CLANG_ANALYZER_NONNULL = YES;
				CLANG_ANALYZER_NUMBER_OBJECT_CONVERSION = YES_AGGRESSIVE;
				CLANG_CXX_LANGUAGE_STANDARD = "gnu++20";
				CLANG_ENABLE_MODULES = YES;
				CLANG_ENABLE_OBJC_ARC = YES;
				CLANG_ENABLE_OBJC_WEAK = YES;
				CLANG_WARN_BLOCK_CAPTURE_AUTORELEASING = YES;
				CLANG_WARN_BOOL_CONVERSION = YES;
				CLANG_WARN_COMMA = YES;
				CLANG_WARN_CONSTANT_CONVERSION = YES;
				CLANG_WARN_DEPRECATED_OBJC_IMPLEMENTATIONS = YES;
				CLANG_WARN_DIRECT_OBJC_ISA_USAGE = YES_ERROR;
				CLANG_WARN_DOCUMENTATION_COMMENTS = YES;
				CLANG_WARN_EMPTY_BODY = YES;
				CLANG_WARN_ENUM_CONVERSION = YES;
				CLANG_WARN_INFINITE_RECURSION = YES;
				CLANG_WARN_INT_CONVERSION = YES;
				CLANG_WARN_NON_LITERAL_NULL_CONVERSION = YES;
				CLANG_WARN_OBJC_IMPLICIT_RETAIN_SELF = YES;
				CLANG_WARN_OBJC_LITERAL_CONVERSION = YES;
				CLANG_WARN_OBJC_ROOT_CLASS = YES_ERROR;
				CLANG_WARN_QUOTED_INCLUDE_IN_FRAMEWORK_HEADER = YES;
				CLANG_WARN_RANGE_LOOP_ANALYSIS = YES;
				CLANG_WARN_STRICT_PROTOTYPES = YES;
				CLANG_WARN_SUSPICIOUS_MOVE = YES;
				CLANG_WARN_UNGUARDED_AVAILABILITY = YES_AGGRESSIVE;
				CLANG_WARN_UNREACHABLE_CODE = YES;
				CLANG_WARN__DUPLICATE_METHOD_MATCH = YES;
				COPY_PHASE_STRIP = NO;
				DEBUG_INFORMATION_FORMAT = "dwarf-with-dsym";
				ENABLE_NS_ASSERTIONS = NO;
				ENABLE_STRICT_OBJC_MSGSEND = YES;
				GCC_C_LANGUAGE_STANDARD = gnu11;
				GCC_NO_COMMON_BLOCKS = YES;
				GCC_WARN_64_TO_32_BIT_CONVERSION = YES;
				GCC_WARN_ABOUT_RETURN_TYPE = YES_ERROR;
				GCC_WARN_UNDECLARED_SELECTOR = YES;
				GCC_WARN_UNINITIALIZED_AUTOS = YES_AGGRESSIVE;
				GCC_WARN_UNUSED_FUNCTION = YES;
				GCC_WARN_UNUSED_VARIABLE = YES;
				IPHONEOS_DEPLOYMENT_TARGET = 16.1;
				MTL_ENABLE_DEBUG_INFO = NO;
				MTL_FAST_MATH = YES;
				SDKROOT = iphoneos;
				SWIFT_COMPILATION_MODE = wholemodule;
				SWIFT_OPTIMIZATION_LEVEL = "-O";
				VALIDATE_PRODUCT = YES;
			};
			name = Release;
		};
		A23687A5292402A300C8FB42 /* Debug */ = {
			isa = XCBuildConfiguration;
			buildSettings = {
				ASSETCATALOG_COMPILER_APPICON_NAME = AppIcon;
				ASSETCATALOG_COMPILER_GLOBAL_ACCENT_COLOR_NAME = AccentColor;
				CODE_SIGN_STYLE = Automatic;
				CURRENT_PROJECT_VERSION = 1;
				GENERATE_INFOPLIST_FILE = YES;
				INFOPLIST_FILE = YassirMovieAssessment/Info.plist;
				INFOPLIST_KEY_UIApplicationSupportsIndirectInputEvents = YES;
				INFOPLIST_KEY_UILaunchStoryboardName = LaunchScreen;
				INFOPLIST_KEY_UIStatusBarStyle = "";
				INFOPLIST_KEY_UISupportedInterfaceOrientations_iPad = "UIInterfaceOrientationPortrait UIInterfaceOrientationPortraitUpsideDown UIInterfaceOrientationLandscapeLeft UIInterfaceOrientationLandscapeRight";
				INFOPLIST_KEY_UISupportedInterfaceOrientations_iPhone = "UIInterfaceOrientationPortrait UIInterfaceOrientationLandscapeLeft UIInterfaceOrientationLandscapeRight";
				LD_RUNPATH_SEARCH_PATHS = (
					"$(inherited)",
					"@executable_path/Frameworks",
				);
				MARKETING_VERSION = 1.0;
				PRODUCT_BUNDLE_IDENTIFIER = yassir.YassirMovieAssessment;
				PRODUCT_NAME = "$(TARGET_NAME)";
				SWIFT_EMIT_LOC_STRINGS = YES;
				SWIFT_VERSION = 5.0;
				TARGETED_DEVICE_FAMILY = "1,2";
			};
			name = Debug;
		};
		A23687A6292402A300C8FB42 /* Release */ = {
			isa = XCBuildConfiguration;
			buildSettings = {
				ASSETCATALOG_COMPILER_APPICON_NAME = AppIcon;
				ASSETCATALOG_COMPILER_GLOBAL_ACCENT_COLOR_NAME = AccentColor;
				CODE_SIGN_STYLE = Automatic;
				CURRENT_PROJECT_VERSION = 1;
				GENERATE_INFOPLIST_FILE = YES;
				INFOPLIST_FILE = YassirMovieAssessment/Info.plist;
				INFOPLIST_KEY_UIApplicationSupportsIndirectInputEvents = YES;
				INFOPLIST_KEY_UILaunchStoryboardName = LaunchScreen;
				INFOPLIST_KEY_UIStatusBarStyle = "";
				INFOPLIST_KEY_UISupportedInterfaceOrientations_iPad = "UIInterfaceOrientationPortrait UIInterfaceOrientationPortraitUpsideDown UIInterfaceOrientationLandscapeLeft UIInterfaceOrientationLandscapeRight";
				INFOPLIST_KEY_UISupportedInterfaceOrientations_iPhone = "UIInterfaceOrientationPortrait UIInterfaceOrientationLandscapeLeft UIInterfaceOrientationLandscapeRight";
				LD_RUNPATH_SEARCH_PATHS = (
					"$(inherited)",
					"@executable_path/Frameworks",
				);
				MARKETING_VERSION = 1.0;
				PRODUCT_BUNDLE_IDENTIFIER = yassir.YassirMovieAssessment;
				PRODUCT_NAME = "$(TARGET_NAME)";
				SWIFT_EMIT_LOC_STRINGS = YES;
				SWIFT_VERSION = 5.0;
				TARGETED_DEVICE_FAMILY = "1,2";
			};
			name = Release;
		};
/* End XCBuildConfiguration section */

/* Begin XCConfigurationList section */
		A236878B292402A200C8FB42 /* Build configuration list for PBXProject "YassirMovieAssessment" */ = {
			isa = XCConfigurationList;
			buildConfigurations = (
				A23687A2292402A300C8FB42 /* Debug */,
				A23687A3292402A300C8FB42 /* Release */,
			);
			defaultConfigurationIsVisible = 0;
			defaultConfigurationName = Release;
		};
		A23687A4292402A300C8FB42 /* Build configuration list for PBXNativeTarget "YassirMovieAssessment" */ = {
			isa = XCConfigurationList;
			buildConfigurations = (
				A23687A5292402A300C8FB42 /* Debug */,
				A23687A6292402A300C8FB42 /* Release */,
			);
			defaultConfigurationIsVisible = 0;
			defaultConfigurationName = Release;
		};
/* End XCConfigurationList section */

/* Begin XCRemoteSwiftPackageReference section */
		A23687B22924065400C8FB42 /* XCRemoteSwiftPackageReference "Alamofire" */ = {
			isa = XCRemoteSwiftPackageReference;
			repositoryURL = "https://github.com/Alamofire/Alamofire.git";
			requirement = {
				kind = upToNextMajorVersion;
				minimumVersion = 5.0.0;
			};
		};
		A23687E12925663700C8FB42 /* XCRemoteSwiftPackageReference "RxDataSources" */ = {
			isa = XCRemoteSwiftPackageReference;
			repositoryURL = "https://github.com/RxSwiftCommunity/RxDataSources.git";
			requirement = {
				kind = upToNextMajorVersion;
				minimumVersion = 5.0.0;
			};
		};
		A2464DD4292620DB00FAE307 /* XCRemoteSwiftPackageReference "RxSwift" */ = {
			isa = XCRemoteSwiftPackageReference;
			repositoryURL = "https://github.com/ReactiveX/RxSwift.git";
			requirement = {
				kind = upToNextMajorVersion;
				minimumVersion = 6.0.0;
			};
		};
		A2464DDB29262E4B00FAE307 /* XCRemoteSwiftPackageReference "SDWebImage" */ = {
			isa = XCRemoteSwiftPackageReference;
			repositoryURL = "https://github.com/SDWebImage/SDWebImage.git";
			requirement = {
				kind = upToNextMajorVersion;
				minimumVersion = 5.0.0;
			};
		};
/* End XCRemoteSwiftPackageReference section */

/* Begin XCSwiftPackageProductDependency section */
		A23687B32924065400C8FB42 /* Alamofire */ = {
			isa = XCSwiftPackageProductDependency;
			package = A23687B22924065400C8FB42 /* XCRemoteSwiftPackageReference "Alamofire" */;
			productName = Alamofire;
		};
		A23687E22925663700C8FB42 /* Differentiator */ = {
			isa = XCSwiftPackageProductDependency;
			package = A23687E12925663700C8FB42 /* XCRemoteSwiftPackageReference "RxDataSources" */;
			productName = Differentiator;
		};
		A23687E42925663700C8FB42 /* RxDataSources */ = {
			isa = XCSwiftPackageProductDependency;
			package = A23687E12925663700C8FB42 /* XCRemoteSwiftPackageReference "RxDataSources" */;
			productName = RxDataSources;
		};
		A2464DD5292620DB00FAE307 /* RxCocoa */ = {
			isa = XCSwiftPackageProductDependency;
			package = A2464DD4292620DB00FAE307 /* XCRemoteSwiftPackageReference "RxSwift" */;
			productName = RxCocoa;
		};
		A2464DD7292620DB00FAE307 /* RxRelay */ = {
			isa = XCSwiftPackageProductDependency;
			package = A2464DD4292620DB00FAE307 /* XCRemoteSwiftPackageReference "RxSwift" */;
			productName = RxRelay;
		};
		A2464DD9292620DB00FAE307 /* RxSwift */ = {
			isa = XCSwiftPackageProductDependency;
			package = A2464DD4292620DB00FAE307 /* XCRemoteSwiftPackageReference "RxSwift" */;
			productName = RxSwift;
		};
		A2464DDC29262E4B00FAE307 /* SDWebImage */ = {
			isa = XCSwiftPackageProductDependency;
			package = A2464DDB29262E4B00FAE307 /* XCRemoteSwiftPackageReference "SDWebImage" */;
			productName = SDWebImage;
		};
/* End XCSwiftPackageProductDependency section */
	};
	rootObject = A2368788292402A200C8FB42 /* Project object */;
}
